
Microsoft Visual Studio Solution File, Format Version 12.00
# Visual Studio Version 16
VisualStudioVersion = 16.0.31025.194
MinimumVisualStudioVersion = 10.0.40219.1
Project("{FAE04EC0-301F-11D3-BF4B-00C04F79EFBC}") = "Spider", "Spider\Spider.csproj", "{FF46BEA8-1948-44D9-8AE2-E8DF3D8C5A03}"
EndProject
Global
	GlobalSection(SolutionConfigurationPlatforms) = preSolution
		Debug|Any CPU = Debug|Any CPU
		Release|Any CPU = Release|Any CPU
	EndGlobalSection
	GlobalSection(ProjectConfigurationPlatforms) = postSolution
		{FF46BEA8-1948-44D9-8AE2-E8DF3D8C5A03}.Debug|Any CPU.ActiveCfg = Debug|Any CPU
		{FF46BEA8-1948-44D9-8AE2-E8DF3D8C5A03}.Debug|Any CPU.Build.0 = Debug|Any CPU
		{FF46BEA8-1948-44D9-8AE2-E8DF3D8C5A03}.Release|Any CPU.ActiveCfg = Release|Any CPU
		{FF46BEA8-1948-44D9-8AE2-E8DF3D8C5A03}.Release|Any CPU.Build.0 = Release|Any CPU
	EndGlobalSection
	GlobalSection(SolutionProperties) = preSolution
		HideSolutionNode = FALSE
	EndGlobalSection
	GlobalSection(ExtensibilityGlobals) = postSolution
		SolutionGuid = {041720B3-29FC-41C2-A668-5E17B1E9F571}
	EndGlobalSection
EndGlobal
